// !$*UTF8*$!
{
	archiveVersion = 1;
	classes = {
	};
	objectVersion = 56;
	objects = {

/* Begin PBXBuildFile section */
		1828ED952B6552A8000E56CC /* Avatar_SanboxApp.swift in Sources */ = {isa = PBXBuildFile; fileRef = 1828ED942B6552A8000E56CC /* Avatar_SanboxApp.swift */; };
		1828ED992B6552AA000E56CC /* Assets.xcassets in Resources */ = {isa = PBXBuildFile; fileRef = 1828ED982B6552AA000E56CC /* Assets.xcassets */; };
		1828ED9C2B6552AA000E56CC /* Preview Assets.xcassets in Resources */ = {isa = PBXBuildFile; fileRef = 1828ED9B2B6552AA000E56CC /* Preview Assets.xcassets */; };
		1828EDA22B655633000E56CC /* Avatar-Sanbox Watch App.app in Embed Watch Content */ = {isa = PBXBuildFile; fileRef = 1828ED922B6552A8000E56CC /* Avatar-Sanbox Watch App.app */; settings = {ATTRIBUTES = (RemoveHeadersOnCopy, ); }; };
		188E4A4A2B66DC5900C75296 /* AvatarWatchViewModel.swift in Sources */ = {isa = PBXBuildFile; fileRef = 188E4A492B66DC5900C75296 /* AvatarWatchViewModel.swift */; };
		188E4A4B2B66DCF100C75296 /* AvatarWatchViewModel.swift in Sources */ = {isa = PBXBuildFile; fileRef = 188E4A492B66DC5900C75296 /* AvatarWatchViewModel.swift */; };
		188E4A4D2B66DD1700C75296 /* SessionDelegate.swift in Sources */ = {isa = PBXBuildFile; fileRef = 188E4A4C2B66DD1700C75296 /* SessionDelegate.swift */; };
		188E4A4E2B66DD2800C75296 /* SessionDelegate.swift in Sources */ = {isa = PBXBuildFile; fileRef = 188E4A4C2B66DD1700C75296 /* SessionDelegate.swift */; };
		18A01BF32B64FFA300E5983F /* Array.swift in Sources */ = {isa = PBXBuildFile; fileRef = 18A01BF22B64FFA300E5983F /* Array.swift */; };
		18A01BF62B65060D00E5983F /* PreviewContainer.swift in Sources */ = {isa = PBXBuildFile; fileRef = 18A01BF52B65060D00E5983F /* PreviewContainer.swift */; };
		18A01BF92B6528A200E5983F /* ValidationService.swift in Sources */ = {isa = PBXBuildFile; fileRef = 18A01BF82B6528A200E5983F /* ValidationService.swift */; };
		18A1E7112B640E8100FE9FE3 /* AppDelegate.swift in Sources */ = {isa = PBXBuildFile; fileRef = 18A1E7102B640E8100FE9FE3 /* AppDelegate.swift */; };
		18A1E7132B640E8100FE9FE3 /* SceneDelegate.swift in Sources */ = {isa = PBXBuildFile; fileRef = 18A1E7122B640E8100FE9FE3 /* SceneDelegate.swift */; };
		18A1E7152B640E8100FE9FE3 /* AvatarViewController.swift in Sources */ = {isa = PBXBuildFile; fileRef = 18A1E7142B640E8100FE9FE3 /* AvatarViewController.swift */; };
		18A1E71A2B640E8400FE9FE3 /* Assets.xcassets in Resources */ = {isa = PBXBuildFile; fileRef = 18A1E7192B640E8400FE9FE3 /* Assets.xcassets */; };
		18A1E71D2B640E8400FE9FE3 /* LaunchScreen.storyboard in Resources */ = {isa = PBXBuildFile; fileRef = 18A1E71B2B640E8400FE9FE3 /* LaunchScreen.storyboard */; };
		18A1E7262B6412F900FE9FE3 /* SnapKit in Frameworks */ = {isa = PBXBuildFile; productRef = 18A1E7252B6412F900FE9FE3 /* SnapKit */; };
		18A1E7332B641FA900FE9FE3 /* ViewOwner.swift in Sources */ = {isa = PBXBuildFile; fileRef = 18A1E7322B641FA900FE9FE3 /* ViewOwner.swift */; };
		18A1E7352B641FF100FE9FE3 /* AvatarView.swift in Sources */ = {isa = PBXBuildFile; fileRef = 18A1E7342B641FF100FE9FE3 /* AvatarView.swift */; };
		18A1E7372B64267400FE9FE3 /* SettingView.swift in Sources */ = {isa = PBXBuildFile; fileRef = 18A1E7362B64267400FE9FE3 /* SettingView.swift */; };
		18A1E7392B64301100FE9FE3 /* UITextField.swift in Sources */ = {isa = PBXBuildFile; fileRef = 18A1E7382B64301100FE9FE3 /* UITextField.swift */; };
		18A1E73E2B64337900FE9FE3 /* SettingViewType.swift in Sources */ = {isa = PBXBuildFile; fileRef = 18A1E73D2B64337900FE9FE3 /* SettingViewType.swift */; };
		18A1E7402B64344900FE9FE3 /* UIViewController.swift in Sources */ = {isa = PBXBuildFile; fileRef = 18A1E73F2B64344900FE9FE3 /* UIViewController.swift */; };
		18A1E7422B643BE600FE9FE3 /* AvatarCollectionViewCell.swift in Sources */ = {isa = PBXBuildFile; fileRef = 18A1E7412B643BE600FE9FE3 /* AvatarCollectionViewCell.swift */; };
		18A1E7442B643C7000FE9FE3 /* ReusableView.swift in Sources */ = {isa = PBXBuildFile; fileRef = 18A1E7432B643C7000FE9FE3 /* ReusableView.swift */; };
		18A1E74B2B6451B200FE9FE3 /* AvatarImage.swift in Sources */ = {isa = PBXBuildFile; fileRef = 18A1E74A2B6451B200FE9FE3 /* AvatarImage.swift */; };
		18ADFAB52B65670B00E48240 /* AvatarImage.swift in Sources */ = {isa = PBXBuildFile; fileRef = 18A1E74A2B6451B200FE9FE3 /* AvatarImage.swift */; };
		18ADFAB92B65899500E48240 /* AvatarModel.swift in Sources */ = {isa = PBXBuildFile; fileRef = 18ADFAB82B65899500E48240 /* AvatarModel.swift */; };
		18B051A82B672834007B0C36 /* ValidationServiceTests.swift in Sources */ = {isa = PBXBuildFile; fileRef = 18B051A72B672834007B0C36 /* ValidationServiceTests.swift */; };
		18B051AA2B67385F007B0C36 /* AvatarWatchModel.swift in Sources */ = {isa = PBXBuildFile; fileRef = 18B051A92B67385F007B0C36 /* AvatarWatchModel.swift */; };
		18B051AB2B673878007B0C36 /* AvatarWatchModel.swift in Sources */ = {isa = PBXBuildFile; fileRef = 18B051A92B67385F007B0C36 /* AvatarWatchModel.swift */; };
		18DA98D82B671E19002C4956 /* CircleImage.swift in Sources */ = {isa = PBXBuildFile; fileRef = 18DA98D52B671E19002C4956 /* CircleImage.swift */; };
		18DA98D92B671E19002C4956 /* AvatarWatchView.swift in Sources */ = {isa = PBXBuildFile; fileRef = 18DA98D62B671E19002C4956 /* AvatarWatchView.swift */; };
		18DA98DA2B671E19002C4956 /* DetailsView.swift in Sources */ = {isa = PBXBuildFile; fileRef = 18DA98D72B671E19002C4956 /* DetailsView.swift */; };
		18DA98DB2B671EBA002C4956 /* AvatarWatchView.swift in Sources */ = {isa = PBXBuildFile; fileRef = 18DA98D62B671E19002C4956 /* AvatarWatchView.swift */; };
		18DA98DC2B671EE4002C4956 /* DetailsView.swift in Sources */ = {isa = PBXBuildFile; fileRef = 18DA98D72B671E19002C4956 /* DetailsView.swift */; };
		18DA98DD2B671EF1002C4956 /* CircleImage.swift in Sources */ = {isa = PBXBuildFile; fileRef = 18DA98D52B671E19002C4956 /* CircleImage.swift */; };
/* End PBXBuildFile section */

/* Begin PBXContainerItemProxy section */
		1828EDA32B655633000E56CC /* PBXContainerItemProxy */ = {
			isa = PBXContainerItemProxy;
			containerPortal = 18A1E7052B640E8100FE9FE3 /* Project object */;
			proxyType = 1;
			remoteGlobalIDString = 1828ED912B6552A8000E56CC;
			remoteInfo = "Avatar-Sanbox Watch App";
		};
		18B051A22B6727A6007B0C36 /* PBXContainerItemProxy */ = {
			isa = PBXContainerItemProxy;
			containerPortal = 18A1E7052B640E8100FE9FE3 /* Project object */;
			proxyType = 1;
			remoteGlobalIDString = 18A1E70C2B640E8100FE9FE3;
			remoteInfo = "Avatar Sandbox";
		};
/* End PBXContainerItemProxy section */

/* Begin PBXCopyFilesBuildPhase section */
		184172D42B654E4400EB2BD5 /* Embed Frameworks */ = {
			isa = PBXCopyFilesBuildPhase;
			buildActionMask = 2147483647;
			dstPath = "";
			dstSubfolderSpec = 10;
			files = (
			);
			name = "Embed Frameworks";
			runOnlyForDeploymentPostprocessing = 0;
		};
		18A01C1F2B6547F400E5983F /* Embed Watch Content */ = {
			isa = PBXCopyFilesBuildPhase;
			buildActionMask = 2147483647;
			dstPath = "$(CONTENTS_FOLDER_PATH)/Watch";
			dstSubfolderSpec = 16;
			files = (
				1828EDA22B655633000E56CC /* Avatar-Sanbox Watch App.app in Embed Watch Content */,
			);
			name = "Embed Watch Content";
			runOnlyForDeploymentPostprocessing = 0;
		};
		18ADFA722B655A2B00E48240 /* Embed ExtensionKit Extensions */ = {
			isa = PBXCopyFilesBuildPhase;
			buildActionMask = 2147483647;
			dstPath = "$(EXTENSIONS_FOLDER_PATH)";
			dstSubfolderSpec = 16;
			files = (
			);
			name = "Embed ExtensionKit Extensions";
			runOnlyForDeploymentPostprocessing = 0;
		};
		18ADFA842B655AFC00E48240 /* Embed Foundation Extensions */ = {
			isa = PBXCopyFilesBuildPhase;
			buildActionMask = 2147483647;
			dstPath = "";
			dstSubfolderSpec = 13;
			files = (
			);
			name = "Embed Foundation Extensions";
			runOnlyForDeploymentPostprocessing = 0;
		};
/* End PBXCopyFilesBuildPhase section */

/* Begin PBXFileReference section */
		1828ED922B6552A8000E56CC /* Avatar-Sanbox Watch App.app */ = {isa = PBXFileReference; explicitFileType = wrapper.application; includeInIndex = 0; path = "Avatar-Sanbox Watch App.app"; sourceTree = BUILT_PRODUCTS_DIR; };
		1828ED942B6552A8000E56CC /* Avatar_SanboxApp.swift */ = {isa = PBXFileReference; lastKnownFileType = sourcecode.swift; path = Avatar_SanboxApp.swift; sourceTree = "<group>"; };
		1828ED982B6552AA000E56CC /* Assets.xcassets */ = {isa = PBXFileReference; lastKnownFileType = folder.assetcatalog; path = Assets.xcassets; sourceTree = "<group>"; };
		1828ED9B2B6552AA000E56CC /* Preview Assets.xcassets */ = {isa = PBXFileReference; lastKnownFileType = folder.assetcatalog; path = "Preview Assets.xcassets"; sourceTree = "<group>"; };
		188E4A492B66DC5900C75296 /* AvatarWatchViewModel.swift */ = {isa = PBXFileReference; lastKnownFileType = sourcecode.swift; path = AvatarWatchViewModel.swift; sourceTree = "<group>"; };
		188E4A4C2B66DD1700C75296 /* SessionDelegate.swift */ = {isa = PBXFileReference; lastKnownFileType = sourcecode.swift; path = SessionDelegate.swift; sourceTree = "<group>"; };
		18A01BF22B64FFA300E5983F /* Array.swift */ = {isa = PBXFileReference; lastKnownFileType = sourcecode.swift; path = Array.swift; sourceTree = "<group>"; };
		18A01BF52B65060D00E5983F /* PreviewContainer.swift */ = {isa = PBXFileReference; lastKnownFileType = sourcecode.swift; path = PreviewContainer.swift; sourceTree = "<group>"; };
		18A01BF82B6528A200E5983F /* ValidationService.swift */ = {isa = PBXFileReference; lastKnownFileType = sourcecode.swift; path = ValidationService.swift; sourceTree = "<group>"; };
		18A1E70D2B640E8100FE9FE3 /* Avatar Sandbox.app */ = {isa = PBXFileReference; explicitFileType = wrapper.application; includeInIndex = 0; path = "Avatar Sandbox.app"; sourceTree = BUILT_PRODUCTS_DIR; };
		18A1E7102B640E8100FE9FE3 /* AppDelegate.swift */ = {isa = PBXFileReference; lastKnownFileType = sourcecode.swift; path = AppDelegate.swift; sourceTree = "<group>"; };
		18A1E7122B640E8100FE9FE3 /* SceneDelegate.swift */ = {isa = PBXFileReference; lastKnownFileType = sourcecode.swift; path = SceneDelegate.swift; sourceTree = "<group>"; };
		18A1E7142B640E8100FE9FE3 /* AvatarViewController.swift */ = {isa = PBXFileReference; lastKnownFileType = sourcecode.swift; path = AvatarViewController.swift; sourceTree = "<group>"; };
		18A1E7192B640E8400FE9FE3 /* Assets.xcassets */ = {isa = PBXFileReference; lastKnownFileType = folder.assetcatalog; path = Assets.xcassets; sourceTree = "<group>"; };
		18A1E71C2B640E8400FE9FE3 /* Base */ = {isa = PBXFileReference; lastKnownFileType = file.storyboard; name = Base; path = Base.lproj/LaunchScreen.storyboard; sourceTree = "<group>"; };
		18A1E71E2B640E8400FE9FE3 /* Info.plist */ = {isa = PBXFileReference; lastKnownFileType = text.plist.xml; path = Info.plist; sourceTree = "<group>"; };
		18A1E7322B641FA900FE9FE3 /* ViewOwner.swift */ = {isa = PBXFileReference; lastKnownFileType = sourcecode.swift; path = ViewOwner.swift; sourceTree = "<group>"; };
		18A1E7342B641FF100FE9FE3 /* AvatarView.swift */ = {isa = PBXFileReference; lastKnownFileType = sourcecode.swift; path = AvatarView.swift; sourceTree = "<group>"; };
		18A1E7362B64267400FE9FE3 /* SettingView.swift */ = {isa = PBXFileReference; lastKnownFileType = sourcecode.swift; path = SettingView.swift; sourceTree = "<group>"; };
		18A1E7382B64301100FE9FE3 /* UITextField.swift */ = {isa = PBXFileReference; lastKnownFileType = sourcecode.swift; path = UITextField.swift; sourceTree = "<group>"; };
		18A1E73D2B64337900FE9FE3 /* SettingViewType.swift */ = {isa = PBXFileReference; lastKnownFileType = sourcecode.swift; path = SettingViewType.swift; sourceTree = "<group>"; };
		18A1E73F2B64344900FE9FE3 /* UIViewController.swift */ = {isa = PBXFileReference; lastKnownFileType = sourcecode.swift; path = UIViewController.swift; sourceTree = "<group>"; };
		18A1E7412B643BE600FE9FE3 /* AvatarCollectionViewCell.swift */ = {isa = PBXFileReference; lastKnownFileType = sourcecode.swift; path = AvatarCollectionViewCell.swift; sourceTree = "<group>"; };
		18A1E7432B643C7000FE9FE3 /* ReusableView.swift */ = {isa = PBXFileReference; lastKnownFileType = sourcecode.swift; path = ReusableView.swift; sourceTree = "<group>"; };
		18A1E74A2B6451B200FE9FE3 /* AvatarImage.swift */ = {isa = PBXFileReference; lastKnownFileType = sourcecode.swift; path = AvatarImage.swift; sourceTree = "<group>"; };
		18ADFA782B655AFB00E48240 /* Intents.framework */ = {isa = PBXFileReference; lastKnownFileType = wrapper.framework; name = Intents.framework; path = System/Library/Frameworks/Intents.framework; sourceTree = SDKROOT; };
		18ADFAB82B65899500E48240 /* AvatarModel.swift */ = {isa = PBXFileReference; lastKnownFileType = sourcecode.swift; path = AvatarModel.swift; sourceTree = "<group>"; };
		18B0519E2B6727A6007B0C36 /* Avatar SandboxTests.xctest */ = {isa = PBXFileReference; explicitFileType = wrapper.cfbundle; includeInIndex = 0; path = "Avatar SandboxTests.xctest"; sourceTree = BUILT_PRODUCTS_DIR; };
		18B051A72B672834007B0C36 /* ValidationServiceTests.swift */ = {isa = PBXFileReference; lastKnownFileType = sourcecode.swift; path = ValidationServiceTests.swift; sourceTree = "<group>"; };
		18B051A92B67385F007B0C36 /* AvatarWatchModel.swift */ = {isa = PBXFileReference; lastKnownFileType = sourcecode.swift; path = AvatarWatchModel.swift; sourceTree = "<group>"; };
		18DA98D52B671E19002C4956 /* CircleImage.swift */ = {isa = PBXFileReference; fileEncoding = 4; lastKnownFileType = sourcecode.swift; path = CircleImage.swift; sourceTree = "<group>"; };
		18DA98D62B671E19002C4956 /* AvatarWatchView.swift */ = {isa = PBXFileReference; fileEncoding = 4; lastKnownFileType = sourcecode.swift; path = AvatarWatchView.swift; sourceTree = "<group>"; };
		18DA98D72B671E19002C4956 /* DetailsView.swift */ = {isa = PBXFileReference; fileEncoding = 4; lastKnownFileType = sourcecode.swift; path = DetailsView.swift; sourceTree = "<group>"; };
/* End PBXFileReference section */

/* Begin PBXFrameworksBuildPhase section */
		1828ED8F2B6552A8000E56CC /* Frameworks */ = {
			isa = PBXFrameworksBuildPhase;
			buildActionMask = 2147483647;
			files = (
			);
			runOnlyForDeploymentPostprocessing = 0;
		};
		18A1E70A2B640E8100FE9FE3 /* Frameworks */ = {
			isa = PBXFrameworksBuildPhase;
			buildActionMask = 2147483647;
			files = (
				18A1E7262B6412F900FE9FE3 /* SnapKit in Frameworks */,
			);
			runOnlyForDeploymentPostprocessing = 0;
		};
		18B0519B2B6727A6007B0C36 /* Frameworks */ = {
			isa = PBXFrameworksBuildPhase;
			buildActionMask = 2147483647;
			files = (
			);
			runOnlyForDeploymentPostprocessing = 0;
		};
/* End PBXFrameworksBuildPhase section */

/* Begin PBXGroup section */
		1828ED932B6552A8000E56CC /* Avatar-Sanbox Watch App */ = {
			isa = PBXGroup;
			children = (
				18DA98D42B671E19002C4956 /* Views */,
				1828ED942B6552A8000E56CC /* Avatar_SanboxApp.swift */,
				18DA98D62B671E19002C4956 /* AvatarWatchView.swift */,
				188E4A492B66DC5900C75296 /* AvatarWatchViewModel.swift */,
				18B051A92B67385F007B0C36 /* AvatarWatchModel.swift */,
				188E4A4C2B66DD1700C75296 /* SessionDelegate.swift */,
				1828ED982B6552AA000E56CC /* Assets.xcassets */,
				1828ED9A2B6552AA000E56CC /* Preview Content */,
			);
			path = "Avatar-Sanbox Watch App";
			sourceTree = "<group>";
		};
		1828ED9A2B6552AA000E56CC /* Preview Content */ = {
			isa = PBXGroup;
			children = (
				1828ED9B2B6552AA000E56CC /* Preview Assets.xcassets */,
			);
			path = "Preview Content";
			sourceTree = "<group>";
		};
		18A01BF42B6505FD00E5983F /* PreviewContainer */ = {
			isa = PBXGroup;
			children = (
				18A01BF52B65060D00E5983F /* PreviewContainer.swift */,
			);
			path = PreviewContainer;
			sourceTree = "<group>";
		};
		18A01BF72B65289300E5983F /* Service */ = {
			isa = PBXGroup;
			children = (
				18A01BF82B6528A200E5983F /* ValidationService.swift */,
			);
			path = Service;
			sourceTree = "<group>";
		};
		18A01C1B2B6547F300E5983F /* Frameworks */ = {
			isa = PBXGroup;
			children = (
				18ADFA782B655AFB00E48240 /* Intents.framework */,
			);
			name = Frameworks;
			sourceTree = "<group>";
		};
		18A1E7042B640E8100FE9FE3 = {
			isa = PBXGroup;
			children = (
				18A1E70F2B640E8100FE9FE3 /* Avatar Sandbox */,
				1828ED932B6552A8000E56CC /* Avatar-Sanbox Watch App */,
				18B0519F2B6727A6007B0C36 /* Avatar SandboxTests */,
				18A1E70E2B640E8100FE9FE3 /* Products */,
				18A01C1B2B6547F300E5983F /* Frameworks */,
			);
			sourceTree = "<group>";
		};
		18A1E70E2B640E8100FE9FE3 /* Products */ = {
			isa = PBXGroup;
			children = (
				18A1E70D2B640E8100FE9FE3 /* Avatar Sandbox.app */,
				1828ED922B6552A8000E56CC /* Avatar-Sanbox Watch App.app */,
				18B0519E2B6727A6007B0C36 /* Avatar SandboxTests.xctest */,
			);
			name = Products;
			sourceTree = "<group>";
		};
		18A1E70F2B640E8100FE9FE3 /* Avatar Sandbox */ = {
			isa = PBXGroup;
			children = (
				18A1E72B2B6419A000FE9FE3 /* App */,
				18A1E7302B641A7500FE9FE3 /* Components */,
				18A1E72F2B641A6B00FE9FE3 /* Extension */,
				18A1E72E2B641A5300FE9FE3 /* Module */,
				18A1E7492B64518200FE9FE3 /* Resources */,
				18A01BF72B65289300E5983F /* Service */,
				18A1E71E2B640E8400FE9FE3 /* Info.plist */,
				18A1E71B2B640E8400FE9FE3 /* LaunchScreen.storyboard */,
			);
			path = "Avatar Sandbox";
			sourceTree = "<group>";
		};
		18A1E72B2B6419A000FE9FE3 /* App */ = {
			isa = PBXGroup;
			children = (
				18A1E7102B640E8100FE9FE3 /* AppDelegate.swift */,
				18A1E7122B640E8100FE9FE3 /* SceneDelegate.swift */,
			);
			path = App;
			sourceTree = "<group>";
		};
		18A1E72E2B641A5300FE9FE3 /* Module */ = {
			isa = PBXGroup;
			children = (
				18A1E7342B641FF100FE9FE3 /* AvatarView.swift */,
				18A1E7142B640E8100FE9FE3 /* AvatarViewController.swift */,
				18ADFAB82B65899500E48240 /* AvatarModel.swift */,
			);
			name = Module;
			sourceTree = "<group>";
		};
		18A1E72F2B641A6B00FE9FE3 /* Extension */ = {
			isa = PBXGroup;
			children = (
				18A1E7322B641FA900FE9FE3 /* ViewOwner.swift */,
				18A1E7382B64301100FE9FE3 /* UITextField.swift */,
				18A1E73F2B64344900FE9FE3 /* UIViewController.swift */,
				18A1E7432B643C7000FE9FE3 /* ReusableView.swift */,
				18A01BF22B64FFA300E5983F /* Array.swift */,
			);
			path = Extension;
			sourceTree = "<group>";
		};
		18A1E7302B641A7500FE9FE3 /* Components */ = {
			isa = PBXGroup;
			children = (
				18A01BF42B6505FD00E5983F /* PreviewContainer */,
				18A1E7462B643C9B00FE9FE3 /* AvatarCollectionViewCell */,
				18A1E73A2B64335400FE9FE3 /* SettingView */,
			);
			path = Components;
			sourceTree = "<group>";
		};
		18A1E73A2B64335400FE9FE3 /* SettingView */ = {
			isa = PBXGroup;
			children = (
				18A1E7362B64267400FE9FE3 /* SettingView.swift */,
				18A1E73D2B64337900FE9FE3 /* SettingViewType.swift */,
			);
			path = SettingView;
			sourceTree = "<group>";
		};
		18A1E7462B643C9B00FE9FE3 /* AvatarCollectionViewCell */ = {
			isa = PBXGroup;
			children = (
				18A1E7412B643BE600FE9FE3 /* AvatarCollectionViewCell.swift */,
			);
			path = AvatarCollectionViewCell;
			sourceTree = "<group>";
		};
		18A1E7492B64518200FE9FE3 /* Resources */ = {
			isa = PBXGroup;
			children = (
				18A1E7192B640E8400FE9FE3 /* Assets.xcassets */,
				18A1E74A2B6451B200FE9FE3 /* AvatarImage.swift */,
			);
			path = Resources;
			sourceTree = "<group>";
		};
		18B0519F2B6727A6007B0C36 /* Avatar SandboxTests */ = {
			isa = PBXGroup;
			children = (
				18B051A72B672834007B0C36 /* ValidationServiceTests.swift */,
			);
			path = "Avatar SandboxTests";
			sourceTree = "<group>";
		};
		18DA98D42B671E19002C4956 /* Views */ = {
			isa = PBXGroup;
			children = (
				18DA98D52B671E19002C4956 /* CircleImage.swift */,
				18DA98D72B671E19002C4956 /* DetailsView.swift */,
			);
			path = Views;
			sourceTree = "<group>";
		};
/* End PBXGroup section */

/* Begin PBXNativeTarget section */
		1828ED912B6552A8000E56CC /* Avatar-Sanbox Watch App */ = {
			isa = PBXNativeTarget;
			buildConfigurationList = 1828ED9D2B6552AA000E56CC /* Build configuration list for PBXNativeTarget "Avatar-Sanbox Watch App" */;
			buildPhases = (
				1828ED8E2B6552A8000E56CC /* Sources */,
				1828ED8F2B6552A8000E56CC /* Frameworks */,
				1828ED902B6552A8000E56CC /* Resources */,
				18ADFA722B655A2B00E48240 /* Embed ExtensionKit Extensions */,
				18ADFA842B655AFC00E48240 /* Embed Foundation Extensions */,
			);
			buildRules = (
			);
			dependencies = (
			);
			name = "Avatar-Sanbox Watch App";
			productName = "Avatar-Sanbox Watch App";
			productReference = 1828ED922B6552A8000E56CC /* Avatar-Sanbox Watch App.app */;
			productType = "com.apple.product-type.application";
		};
		18A1E70C2B640E8100FE9FE3 /* Avatar Sandbox */ = {
			isa = PBXNativeTarget;
			buildConfigurationList = 18A1E7212B640E8400FE9FE3 /* Build configuration list for PBXNativeTarget "Avatar Sandbox" */;
			buildPhases = (
				18A1E7092B640E8100FE9FE3 /* Sources */,
				18A1E70A2B640E8100FE9FE3 /* Frameworks */,
				18A1E70B2B640E8100FE9FE3 /* Resources */,
				18A01C1F2B6547F400E5983F /* Embed Watch Content */,
				184172D42B654E4400EB2BD5 /* Embed Frameworks */,
			);
			buildRules = (
			);
			dependencies = (
				1828EDA42B655633000E56CC /* PBXTargetDependency */,
			);
			name = "Avatar Sandbox";
			packageProductDependencies = (
				18A1E7252B6412F900FE9FE3 /* SnapKit */,
			);
			productName = "Avatar Sandbox";
			productReference = 18A1E70D2B640E8100FE9FE3 /* Avatar Sandbox.app */;
			productType = "com.apple.product-type.application";
		};
		18B0519D2B6727A6007B0C36 /* Avatar SandboxTests */ = {
			isa = PBXNativeTarget;
			buildConfigurationList = 18B051A62B6727A6007B0C36 /* Build configuration list for PBXNativeTarget "Avatar SandboxTests" */;
			buildPhases = (
				18B0519A2B6727A6007B0C36 /* Sources */,
				18B0519B2B6727A6007B0C36 /* Frameworks */,
				18B0519C2B6727A6007B0C36 /* Resources */,
			);
			buildRules = (
			);
			dependencies = (
				18B051A32B6727A6007B0C36 /* PBXTargetDependency */,
			);
			name = "Avatar SandboxTests";
			productName = "Avatar SandboxTests";
			productReference = 18B0519E2B6727A6007B0C36 /* Avatar SandboxTests.xctest */;
			productType = "com.apple.product-type.bundle.unit-test";
		};
/* End PBXNativeTarget section */

/* Begin PBXProject section */
		18A1E7052B640E8100FE9FE3 /* Project object */ = {
			isa = PBXProject;
			attributes = {
				BuildIndependentTargetsInParallel = 1;
				LastSwiftUpdateCheck = 1420;
				LastUpgradeCheck = 1420;
				TargetAttributes = {
					1828ED912B6552A8000E56CC = {
						CreatedOnToolsVersion = 14.2;
					};
					18A1E70C2B640E8100FE9FE3 = {
						CreatedOnToolsVersion = 14.2;
					};
					18B0519D2B6727A6007B0C36 = {
						CreatedOnToolsVersion = 14.2;
						TestTargetID = 18A1E70C2B640E8100FE9FE3;
					};
				};
			};
			buildConfigurationList = 18A1E7082B640E8100FE9FE3 /* Build configuration list for PBXProject "Avatar Sandbox" */;
			compatibilityVersion = "Xcode 14.0";
			developmentRegion = en;
			hasScannedForEncodings = 0;
			knownRegions = (
				en,
				Base,
			);
			mainGroup = 18A1E7042B640E8100FE9FE3;
			packageReferences = (
				18A1E7242B6412F900FE9FE3 /* XCRemoteSwiftPackageReference "SnapKit" */,
			);
			productRefGroup = 18A1E70E2B640E8100FE9FE3 /* Products */;
			projectDirPath = "";
			projectRoot = "";
			targets = (
				18A1E70C2B640E8100FE9FE3 /* Avatar Sandbox */,
				1828ED912B6552A8000E56CC /* Avatar-Sanbox Watch App */,
				18B0519D2B6727A6007B0C36 /* Avatar SandboxTests */,
			);
		};
/* End PBXProject section */

/* Begin PBXResourcesBuildPhase section */
		1828ED902B6552A8000E56CC /* Resources */ = {
			isa = PBXResourcesBuildPhase;
			buildActionMask = 2147483647;
			files = (
				1828ED9C2B6552AA000E56CC /* Preview Assets.xcassets in Resources */,
				1828ED992B6552AA000E56CC /* Assets.xcassets in Resources */,
			);
			runOnlyForDeploymentPostprocessing = 0;
		};
		18A1E70B2B640E8100FE9FE3 /* Resources */ = {
			isa = PBXResourcesBuildPhase;
			buildActionMask = 2147483647;
			files = (
				18A1E71D2B640E8400FE9FE3 /* LaunchScreen.storyboard in Resources */,
				18A1E71A2B640E8400FE9FE3 /* Assets.xcassets in Resources */,
			);
			runOnlyForDeploymentPostprocessing = 0;
		};
		18B0519C2B6727A6007B0C36 /* Resources */ = {
			isa = PBXResourcesBuildPhase;
			buildActionMask = 2147483647;
			files = (
			);
			runOnlyForDeploymentPostprocessing = 0;
		};
/* End PBXResourcesBuildPhase section */

/* Begin PBXSourcesBuildPhase section */
		1828ED8E2B6552A8000E56CC /* Sources */ = {
			isa = PBXSourcesBuildPhase;
			buildActionMask = 2147483647;
			files = (
				18B051AA2B67385F007B0C36 /* AvatarWatchModel.swift in Sources */,
				18DA98D82B671E19002C4956 /* CircleImage.swift in Sources */,
				18ADFAB52B65670B00E48240 /* AvatarImage.swift in Sources */,
				188E4A4D2B66DD1700C75296 /* SessionDelegate.swift in Sources */,
				18DA98DA2B671E19002C4956 /* DetailsView.swift in Sources */,
				188E4A4A2B66DC5900C75296 /* AvatarWatchViewModel.swift in Sources */,
				18DA98D92B671E19002C4956 /* AvatarWatchView.swift in Sources */,
				1828ED952B6552A8000E56CC /* Avatar_SanboxApp.swift in Sources */,
			);
			runOnlyForDeploymentPostprocessing = 0;
		};
		18A1E7092B640E8100FE9FE3 /* Sources */ = {
			isa = PBXSourcesBuildPhase;
			buildActionMask = 2147483647;
			files = (
				18A1E7352B641FF100FE9FE3 /* AvatarView.swift in Sources */,
				18DA98DC2B671EE4002C4956 /* DetailsView.swift in Sources */,
				18B051AB2B673878007B0C36 /* AvatarWatchModel.swift in Sources */,
				18A1E73E2B64337900FE9FE3 /* SettingViewType.swift in Sources */,
				18A1E7332B641FA900FE9FE3 /* ViewOwner.swift in Sources */,
				18A01BF32B64FFA300E5983F /* Array.swift in Sources */,
				18ADFAB92B65899500E48240 /* AvatarModel.swift in Sources */,
				188E4A4E2B66DD2800C75296 /* SessionDelegate.swift in Sources */,
				18A01BF92B6528A200E5983F /* ValidationService.swift in Sources */,
				18A1E7442B643C7000FE9FE3 /* ReusableView.swift in Sources */,
				18DA98DB2B671EBA002C4956 /* AvatarWatchView.swift in Sources */,
				18A1E74B2B6451B200FE9FE3 /* AvatarImage.swift in Sources */,
				18A1E7392B64301100FE9FE3 /* UITextField.swift in Sources */,
				18A1E7402B64344900FE9FE3 /* UIViewController.swift in Sources */,
				18A1E7422B643BE600FE9FE3 /* AvatarCollectionViewCell.swift in Sources */,
				18A01BF62B65060D00E5983F /* PreviewContainer.swift in Sources */,
				18A1E7152B640E8100FE9FE3 /* AvatarViewController.swift in Sources */,
				18A1E7372B64267400FE9FE3 /* SettingView.swift in Sources */,
				18DA98DD2B671EF1002C4956 /* CircleImage.swift in Sources */,
				188E4A4B2B66DCF100C75296 /* AvatarWatchViewModel.swift in Sources */,
				18A1E7112B640E8100FE9FE3 /* AppDelegate.swift in Sources */,
				18A1E7132B640E8100FE9FE3 /* SceneDelegate.swift in Sources */,
			);
			runOnlyForDeploymentPostprocessing = 0;
		};
		18B0519A2B6727A6007B0C36 /* Sources */ = {
			isa = PBXSourcesBuildPhase;
			buildActionMask = 2147483647;
			files = (
				18B051A82B672834007B0C36 /* ValidationServiceTests.swift in Sources */,
			);
			runOnlyForDeploymentPostprocessing = 0;
		};
/* End PBXSourcesBuildPhase section */

/* Begin PBXTargetDependency section */
		1828EDA42B655633000E56CC /* PBXTargetDependency */ = {
			isa = PBXTargetDependency;
			target = 1828ED912B6552A8000E56CC /* Avatar-Sanbox Watch App */;
			targetProxy = 1828EDA32B655633000E56CC /* PBXContainerItemProxy */;
		};
		18B051A32B6727A6007B0C36 /* PBXTargetDependency */ = {
			isa = PBXTargetDependency;
			target = 18A1E70C2B640E8100FE9FE3 /* Avatar Sandbox */;
			targetProxy = 18B051A22B6727A6007B0C36 /* PBXContainerItemProxy */;
		};
/* End PBXTargetDependency section */

/* Begin PBXVariantGroup section */
		18A1E71B2B640E8400FE9FE3 /* LaunchScreen.storyboard */ = {
			isa = PBXVariantGroup;
			children = (
				18A1E71C2B640E8400FE9FE3 /* Base */,
			);
			name = LaunchScreen.storyboard;
			sourceTree = "<group>";
		};
/* End PBXVariantGroup section */

/* Begin XCBuildConfiguration section */
		1828ED9E2B6552AA000E56CC /* Debug */ = {
			isa = XCBuildConfiguration;
			buildSettings = {
				ALWAYS_EMBED_SWIFT_STANDARD_LIBRARIES = YES;
				ASSETCATALOG_COMPILER_APPICON_NAME = AppIcon;
				ASSETCATALOG_COMPILER_GLOBAL_ACCENT_COLOR_NAME = AccentColor;
				CODE_SIGN_STYLE = Automatic;
				CURRENT_PROJECT_VERSION = 1;
				DEVELOPMENT_ASSET_PATHS = "\"Avatar-Sanbox Watch App/Preview Content\"";
				DEVELOPMENT_TEAM = H568TQC48W;
				ENABLE_PREVIEWS = YES;
				GENERATE_INFOPLIST_FILE = YES;
				INFOPLIST_KEY_CFBundleDisplayName = "Avatar-Sanbox";
				INFOPLIST_KEY_UISupportedInterfaceOrientations = "UIInterfaceOrientationPortrait UIInterfaceOrientationPortraitUpsideDown";
				INFOPLIST_KEY_WKCompanionAppBundleIdentifier = "KA.Avatar-Sandbox";
				LD_RUNPATH_SEARCH_PATHS = (
					"$(inherited)",
					"@executable_path/Frameworks",
				);
				MARKETING_VERSION = 1.0;
				PRODUCT_BUNDLE_IDENTIFIER = "KA.Avatar-Sandbox.watchkitapp";
				PRODUCT_NAME = "$(TARGET_NAME)";
				SDKROOT = watchos;
				SKIP_INSTALL = YES;
				SWIFT_EMIT_LOC_STRINGS = YES;
				SWIFT_VERSION = 5.0;
				TARGETED_DEVICE_FAMILY = 4;
				WATCHOS_DEPLOYMENT_TARGET = 9.0;
			};
			name = Debug;
		};
		1828ED9F2B6552AA000E56CC /* Release */ = {
			isa = XCBuildConfiguration;
			buildSettings = {
				ALWAYS_EMBED_SWIFT_STANDARD_LIBRARIES = YES;
				ASSETCATALOG_COMPILER_APPICON_NAME = AppIcon;
				ASSETCATALOG_COMPILER_GLOBAL_ACCENT_COLOR_NAME = AccentColor;
				CODE_SIGN_STYLE = Automatic;
				CURRENT_PROJECT_VERSION = 1;
				DEVELOPMENT_ASSET_PATHS = "\"Avatar-Sanbox Watch App/Preview Content\"";
				DEVELOPMENT_TEAM = H568TQC48W;
				ENABLE_PREVIEWS = YES;
				GENERATE_INFOPLIST_FILE = YES;
				INFOPLIST_KEY_CFBundleDisplayName = "Avatar-Sanbox";
				INFOPLIST_KEY_UISupportedInterfaceOrientations = "UIInterfaceOrientationPortrait UIInterfaceOrientationPortraitUpsideDown";
				INFOPLIST_KEY_WKCompanionAppBundleIdentifier = "KA.Avatar-Sandbox";
				LD_RUNPATH_SEARCH_PATHS = (
					"$(inherited)",
					"@executable_path/Frameworks",
				);
				MARKETING_VERSION = 1.0;
				PRODUCT_BUNDLE_IDENTIFIER = "KA.Avatar-Sandbox.watchkitapp";
				PRODUCT_NAME = "$(TARGET_NAME)";
				SDKROOT = watchos;
				SKIP_INSTALL = YES;
				SWIFT_EMIT_LOC_STRINGS = YES;
				SWIFT_VERSION = 5.0;
				TARGETED_DEVICE_FAMILY = 4;
				WATCHOS_DEPLOYMENT_TARGET = 9.0;
			};
			name = Release;
		};
		18A1E71F2B640E8400FE9FE3 /* Debug */ = {
			isa = XCBuildConfiguration;
			buildSettings = {
				ALWAYS_SEARCH_USER_PATHS = NO;
				CLANG_ANALYZER_NONNULL = YES;
				CLANG_ANALYZER_NUMBER_OBJECT_CONVERSION = YES_AGGRESSIVE;
				CLANG_CXX_LANGUAGE_STANDARD = "gnu++20";
				CLANG_ENABLE_MODULES = YES;
				CLANG_ENABLE_OBJC_ARC = YES;
				CLANG_ENABLE_OBJC_WEAK = YES;
				CLANG_WARN_BLOCK_CAPTURE_AUTORELEASING = YES;
				CLANG_WARN_BOOL_CONVERSION = YES;
				CLANG_WARN_COMMA = YES;
				CLANG_WARN_CONSTANT_CONVERSION = YES;
				CLANG_WARN_DEPRECATED_OBJC_IMPLEMENTATIONS = YES;
				CLANG_WARN_DIRECT_OBJC_ISA_USAGE = YES_ERROR;
				CLANG_WARN_DOCUMENTATION_COMMENTS = YES;
				CLANG_WARN_EMPTY_BODY = YES;
				CLANG_WARN_ENUM_CONVERSION = YES;
				CLANG_WARN_INFINITE_RECURSION = YES;
				CLANG_WARN_INT_CONVERSION = YES;
				CLANG_WARN_NON_LITERAL_NULL_CONVERSION = YES;
				CLANG_WARN_OBJC_IMPLICIT_RETAIN_SELF = YES;
				CLANG_WARN_OBJC_LITERAL_CONVERSION = YES;
				CLANG_WARN_OBJC_ROOT_CLASS = YES_ERROR;
				CLANG_WARN_QUOTED_INCLUDE_IN_FRAMEWORK_HEADER = YES;
				CLANG_WARN_RANGE_LOOP_ANALYSIS = YES;
				CLANG_WARN_STRICT_PROTOTYPES = YES;
				CLANG_WARN_SUSPICIOUS_MOVE = YES;
				CLANG_WARN_UNGUARDED_AVAILABILITY = YES_AGGRESSIVE;
				CLANG_WARN_UNREACHABLE_CODE = YES;
				CLANG_WARN__DUPLICATE_METHOD_MATCH = YES;
				COPY_PHASE_STRIP = NO;
				DEBUG_INFORMATION_FORMAT = dwarf;
				ENABLE_STRICT_OBJC_MSGSEND = YES;
				ENABLE_TESTABILITY = YES;
				GCC_C_LANGUAGE_STANDARD = gnu11;
				GCC_DYNAMIC_NO_PIC = NO;
				GCC_NO_COMMON_BLOCKS = YES;
				GCC_OPTIMIZATION_LEVEL = 0;
				GCC_PREPROCESSOR_DEFINITIONS = (
					"DEBUG=1",
					"$(inherited)",
				);
				GCC_WARN_64_TO_32_BIT_CONVERSION = YES;
				GCC_WARN_ABOUT_RETURN_TYPE = YES_ERROR;
				GCC_WARN_UNDECLARED_SELECTOR = YES;
				GCC_WARN_UNINITIALIZED_AUTOS = YES_AGGRESSIVE;
				GCC_WARN_UNUSED_FUNCTION = YES;
				GCC_WARN_UNUSED_VARIABLE = YES;
				IPHONEOS_DEPLOYMENT_TARGET = 16.2;
				MTL_ENABLE_DEBUG_INFO = INCLUDE_SOURCE;
				MTL_FAST_MATH = YES;
				ONLY_ACTIVE_ARCH = YES;
				SDKROOT = iphoneos;
				SWIFT_ACTIVE_COMPILATION_CONDITIONS = DEBUG;
				SWIFT_OPTIMIZATION_LEVEL = "-Onone";
				WATCHOS_DEPLOYMENT_TARGET = 9.0;
			};
			name = Debug;
		};
		18A1E7202B640E8400FE9FE3 /* Release */ = {
			isa = XCBuildConfiguration;
			buildSettings = {
				ALWAYS_SEARCH_USER_PATHS = NO;
				CLANG_ANALYZER_NONNULL = YES;
				CLANG_ANALYZER_NUMBER_OBJECT_CONVERSION = YES_AGGRESSIVE;
				CLANG_CXX_LANGUAGE_STANDARD = "gnu++20";
				CLANG_ENABLE_MODULES = YES;
				CLANG_ENABLE_OBJC_ARC = YES;
				CLANG_ENABLE_OBJC_WEAK = YES;
				CLANG_WARN_BLOCK_CAPTURE_AUTORELEASING = YES;
				CLANG_WARN_BOOL_CONVERSION = YES;
				CLANG_WARN_COMMA = YES;
				CLANG_WARN_CONSTANT_CONVERSION = YES;
				CLANG_WARN_DEPRECATED_OBJC_IMPLEMENTATIONS = YES;
				CLANG_WARN_DIRECT_OBJC_ISA_USAGE = YES_ERROR;
				CLANG_WARN_DOCUMENTATION_COMMENTS = YES;
				CLANG_WARN_EMPTY_BODY = YES;
				CLANG_WARN_ENUM_CONVERSION = YES;
				CLANG_WARN_INFINITE_RECURSION = YES;
				CLANG_WARN_INT_CONVERSION = YES;
				CLANG_WARN_NON_LITERAL_NULL_CONVERSION = YES;
				CLANG_WARN_OBJC_IMPLICIT_RETAIN_SELF = YES;
				CLANG_WARN_OBJC_LITERAL_CONVERSION = YES;
				CLANG_WARN_OBJC_ROOT_CLASS = YES_ERROR;
				CLANG_WARN_QUOTED_INCLUDE_IN_FRAMEWORK_HEADER = YES;
				CLANG_WARN_RANGE_LOOP_ANALYSIS = YES;
				CLANG_WARN_STRICT_PROTOTYPES = YES;
				CLANG_WARN_SUSPICIOUS_MOVE = YES;
				CLANG_WARN_UNGUARDED_AVAILABILITY = YES_AGGRESSIVE;
				CLANG_WARN_UNREACHABLE_CODE = YES;
				CLANG_WARN__DUPLICATE_METHOD_MATCH = YES;
				COPY_PHASE_STRIP = NO;
				DEBUG_INFORMATION_FORMAT = "dwarf-with-dsym";
				ENABLE_NS_ASSERTIONS = NO;
				ENABLE_STRICT_OBJC_MSGSEND = YES;
				GCC_C_LANGUAGE_STANDARD = gnu11;
				GCC_NO_COMMON_BLOCKS = YES;
				GCC_WARN_64_TO_32_BIT_CONVERSION = YES;
				GCC_WARN_ABOUT_RETURN_TYPE = YES_ERROR;
				GCC_WARN_UNDECLARED_SELECTOR = YES;
				GCC_WARN_UNINITIALIZED_AUTOS = YES_AGGRESSIVE;
				GCC_WARN_UNUSED_FUNCTION = YES;
				GCC_WARN_UNUSED_VARIABLE = YES;
				IPHONEOS_DEPLOYMENT_TARGET = 16.2;
				MTL_ENABLE_DEBUG_INFO = NO;
				MTL_FAST_MATH = YES;
				SDKROOT = iphoneos;
				SWIFT_COMPILATION_MODE = wholemodule;
				SWIFT_OPTIMIZATION_LEVEL = "-O";
				VALIDATE_PRODUCT = YES;
				WATCHOS_DEPLOYMENT_TARGET = 9.0;
			};
			name = Release;
		};
		18A1E7222B640E8400FE9FE3 /* Debug */ = {
			isa = XCBuildConfiguration;
			buildSettings = {
				ASSETCATALOG_COMPILER_APPICON_NAME = AppIcon;
				ASSETCATALOG_COMPILER_GLOBAL_ACCENT_COLOR_NAME = AccentColor;
				CODE_SIGN_STYLE = Automatic;
				CURRENT_PROJECT_VERSION = 1;
				DEVELOPMENT_TEAM = H568TQC48W;
				GENERATE_INFOPLIST_FILE = YES;
				INFOPLIST_FILE = "Avatar Sandbox/Info.plist";
				INFOPLIST_KEY_UIApplicationSupportsIndirectInputEvents = YES;
				INFOPLIST_KEY_UILaunchStoryboardName = LaunchScreen;
				INFOPLIST_KEY_UISupportedInterfaceOrientations = UIInterfaceOrientationPortrait;
				IPHONEOS_DEPLOYMENT_TARGET = 16.0;
				LD_RUNPATH_SEARCH_PATHS = (
					"$(inherited)",
					"@executable_path/Frameworks",
				);
				MARKETING_VERSION = 1.0;
				PRODUCT_BUNDLE_IDENTIFIER = "KA.Avatar-Sandbox";
				PRODUCT_NAME = "$(TARGET_NAME)";
				SWIFT_EMIT_LOC_STRINGS = YES;
				SWIFT_VERSION = 5.0;
				TARGETED_DEVICE_FAMILY = 1;
			};
			name = Debug;
		};
		18A1E7232B640E8400FE9FE3 /* Release */ = {
			isa = XCBuildConfiguration;
			buildSettings = {
				ASSETCATALOG_COMPILER_APPICON_NAME = AppIcon;
				ASSETCATALOG_COMPILER_GLOBAL_ACCENT_COLOR_NAME = AccentColor;
				CODE_SIGN_STYLE = Automatic;
				CURRENT_PROJECT_VERSION = 1;
				DEVELOPMENT_TEAM = H568TQC48W;
				GENERATE_INFOPLIST_FILE = YES;
				INFOPLIST_FILE = "Avatar Sandbox/Info.plist";
				INFOPLIST_KEY_UIApplicationSupportsIndirectInputEvents = YES;
				INFOPLIST_KEY_UILaunchStoryboardName = LaunchScreen;
				INFOPLIST_KEY_UISupportedInterfaceOrientations = UIInterfaceOrientationPortrait;
				IPHONEOS_DEPLOYMENT_TARGET = 16.0;
				LD_RUNPATH_SEARCH_PATHS = (
					"$(inherited)",
					"@executable_path/Frameworks",
				);
				MARKETING_VERSION = 1.0;
				PRODUCT_BUNDLE_IDENTIFIER = "KA.Avatar-Sandbox";
				PRODUCT_NAME = "$(TARGET_NAME)";
				SWIFT_EMIT_LOC_STRINGS = YES;
				SWIFT_VERSION = 5.0;
				TARGETED_DEVICE_FAMILY = 1;
			};
			name = Release;
		};
		18B051A42B6727A6007B0C36 /* Debug */ = {
			isa = XCBuildConfiguration;
			buildSettings = {
				BUNDLE_LOADER = "$(TEST_HOST)";
				CODE_SIGN_STYLE = Automatic;
				CURRENT_PROJECT_VERSION = 1;
				DEVELOPMENT_TEAM = H568TQC48W;
				GENERATE_INFOPLIST_FILE = YES;
				MARKETING_VERSION = 1.0;
				PRODUCT_BUNDLE_IDENTIFIER = "KA.Avatar-SandboxTests";
				PRODUCT_NAME = "$(TARGET_NAME)";
				SWIFT_EMIT_LOC_STRINGS = NO;
				SWIFT_VERSION = 5.0;
				TARGETED_DEVICE_FAMILY = "1,2";
				TEST_HOST = "$(BUILT_PRODUCTS_DIR)/Avatar Sandbox.app/$(BUNDLE_EXECUTABLE_FOLDER_PATH)/Avatar Sandbox";
			};
			name = Debug;
		};
		18B051A52B6727A6007B0C36 /* Release */ = {
			isa = XCBuildConfiguration;
			buildSettings = {
				BUNDLE_LOADER = "$(TEST_HOST)";
				CODE_SIGN_STYLE = Automatic;
				CURRENT_PROJECT_VERSION = 1;
				DEVELOPMENT_TEAM = H568TQC48W;
				GENERATE_INFOPLIST_FILE = YES;
				MARKETING_VERSION = 1.0;
				PRODUCT_BUNDLE_IDENTIFIER = "KA.Avatar-SandboxTests";
				PRODUCT_NAME = "$(TARGET_NAME)";
				SWIFT_EMIT_LOC_STRINGS = NO;
				SWIFT_VERSION = 5.0;
				TARGETED_DEVICE_FAMILY = "1,2";
				TEST_HOST = "$(BUILT_PRODUCTS_DIR)/Avatar Sandbox.app/$(BUNDLE_EXECUTABLE_FOLDER_PATH)/Avatar Sandbox";
			};
			name = Release;
		};
/* End XCBuildConfiguration section */

/* Begin XCConfigurationList section */
		1828ED9D2B6552AA000E56CC /* Build configuration list for PBXNativeTarget "Avatar-Sanbox Watch App" */ = {
			isa = XCConfigurationList;
			buildConfigurations = (
				1828ED9E2B6552AA000E56CC /* Debug */,
				1828ED9F2B6552AA000E56CC /* Release */,
			);
			defaultConfigurationIsVisible = 0;
			defaultConfigurationName = Release;
		};
		18A1E7082B640E8100FE9FE3 /* Build configuration list for PBXProject "Avatar Sandbox" */ = {
			isa = XCConfigurationList;
			buildConfigurations = (
				18A1E71F2B640E8400FE9FE3 /* Debug */,
				18A1E7202B640E8400FE9FE3 /* Release */,
			);
			defaultConfigurationIsVisible = 0;
			defaultConfigurationName = Release;
		};
		18A1E7212B640E8400FE9FE3 /* Build configuration list for PBXNativeTarget "Avatar Sandbox" */ = {
			isa = XCConfigurationList;
			buildConfigurations = (
				18A1E7222B640E8400FE9FE3 /* Debug */,
				18A1E7232B640E8400FE9FE3 /* Release */,
			);
			defaultConfigurationIsVisible = 0;
			defaultConfigurationName = Release;
		};
		18B051A62B6727A6007B0C36 /* Build configuration list for PBXNativeTarget "Avatar SandboxTests" */ = {
			isa = XCConfigurationList;
			buildConfigurations = (
				18B051A42B6727A6007B0C36 /* Debug */,
				18B051A52B6727A6007B0C36 /* Release */,
			);
			defaultConfigurationIsVisible = 0;
			defaultConfigurationName = Release;
		};
/* End XCConfigurationList section */

/* Begin XCRemoteSwiftPackageReference section */
		18A1E7242B6412F900FE9FE3 /* XCRemoteSwiftPackageReference "SnapKit" */ = {
			isa = XCRemoteSwiftPackageReference;
			repositoryURL = "https://github.com/SnapKit/SnapKit.git";
			requirement = {
				kind = upToNextMajorVersion;
				minimumVersion = 5.0.0;
			};
		};
/* End XCRemoteSwiftPackageReference section */

/* Begin XCSwiftPackageProductDependency section */
		18A1E7252B6412F900FE9FE3 /* SnapKit */ = {
			isa = XCSwiftPackageProductDependency;
			package = 18A1E7242B6412F900FE9FE3 /* XCRemoteSwiftPackageReference "SnapKit" */;
			productName = SnapKit;
		};
/* End XCSwiftPackageProductDependency section */
	};
	rootObject = 18A1E7052B640E8100FE9FE3 /* Project object */;
}
